
Microsoft Visual Studio Solution File, Format Version 12.00
# Visual Studio Version 16
VisualStudioVersion = 16.0.31729.503
MinimumVisualStudioVersion = 10.0.40219.1
Project("{FAE04EC0-301F-11D3-BF4B-00C04F79EFBC}") = "Parcial", "Parcial\Parcial.csproj", "{F393A912-82FD-43B5-BF94-A5000EE04D2A}"
EndProject
Project("{FAE04EC0-301F-11D3-BF4B-00C04F79EFBC}") = "Datos", "Datos\Datos.csproj", "{143A14FA-1A27-4CA9-9845-CCA8D855EEA4}"
EndProject
Project("{FAE04EC0-301F-11D3-BF4B-00C04F79EFBC}") = "Logica", "Logica\Logica.csproj", "{03DE2DDF-A14B-482D-A226-A33C23AEEDCB}"
EndProject
Project("{FAE04EC0-301F-11D3-BF4B-00C04F79EFBC}") = "Entidad", "Entidad\Entidad.csproj", "{E5DAE9A7-1CE1-406B-8835-85C930E5CB91}"
EndProject
Global
	GlobalSection(SolutionConfigurationPlatforms) = preSolution
		Debug|Any CPU = Debug|Any CPU
		Release|Any CPU = Release|Any CPU
	EndGlobalSection
	GlobalSection(ProjectConfigurationPlatforms) = postSolution
		{F393A912-82FD-43B5-BF94-A5000EE04D2A}.Debug|Any CPU.ActiveCfg = Debug|Any CPU
		{F393A912-82FD-43B5-BF94-A5000EE04D2A}.Debug|Any CPU.Build.0 = Debug|Any CPU
		{F393A912-82FD-43B5-BF94-A5000EE04D2A}.Release|Any CPU.ActiveCfg = Release|Any CPU
		{F393A912-82FD-43B5-BF94-A5000EE04D2A}.Release|Any CPU.Build.0 = Release|Any CPU
		{143A14FA-1A27-4CA9-9845-CCA8D855EEA4}.Debug|Any CPU.ActiveCfg = Debug|Any CPU
		{143A14FA-1A27-4CA9-9845-CCA8D855EEA4}.Debug|Any CPU.Build.0 = Debug|Any CPU
		{143A14FA-1A27-4CA9-9845-CCA8D855EEA4}.Release|Any CPU.ActiveCfg = Release|Any CPU
		{143A14FA-1A27-4CA9-9845-CCA8D855EEA4}.Release|Any CPU.Build.0 = Release|Any CPU
		{03DE2DDF-A14B-482D-A226-A33C23AEEDCB}.Debug|Any CPU.ActiveCfg = Debug|Any CPU
		{03DE2DDF-A14B-482D-A226-A33C23AEEDCB}.Debug|Any CPU.Build.0 = Debug|Any CPU
		{03DE2DDF-A14B-482D-A226-A33C23AEEDCB}.Release|Any CPU.ActiveCfg = Release|Any CPU
		{03DE2DDF-A14B-482D-A226-A33C23AEEDCB}.Release|Any CPU.Build.0 = Release|Any CPU
		{E5DAE9A7-1CE1-406B-8835-85C930E5CB91}.Debug|Any CPU.ActiveCfg = Debug|Any CPU
		{E5DAE9A7-1CE1-406B-8835-85C930E5CB91}.Debug|Any CPU.Build.0 = Debug|Any CPU
		{E5DAE9A7-1CE1-406B-8835-85C930E5CB91}.Release|Any CPU.ActiveCfg = Release|Any CPU
		{E5DAE9A7-1CE1-406B-8835-85C930E5CB91}.Release|Any CPU.Build.0 = Release|Any CPU
	EndGlobalSection
	GlobalSection(SolutionProperties) = preSolution
		HideSolutionNode = FALSE
	EndGlobalSection
	GlobalSection(ExtensibilityGlobals) = postSolution
		SolutionGuid = {8F61A129-0624-4870-92DE-4486E0445A30}
	EndGlobalSection
EndGlobal
